// !$*UTF8*$!
{
	archiveVersion = 1;
	classes = {
	};
	objectVersion = 46;
	objects = {

/* Begin PBXBuildFile section */
		ACA2CC7315936D9F00F18268 /* www in Resources */ = {isa = PBXBuildFile; fileRef = ACA2CC7215936D9F00F18268 /* www */; };
		B89E98BC159B347E0013AA04 /* PushNotification.m in Sources */ = {isa = PBXBuildFile; fileRef = B89E98BA159B347E0013AA04 /* PushNotification.m */; };
		B89E98BD159B347E0013AA04 /* README.md in Resources */ = {isa = PBXBuildFile; fileRef = B89E98BB159B347E0013AA04 /* README.md */; };
		B8E214B0159317F50091730E /* Foundation.framework in Frameworks */ = {isa = PBXBuildFile; fileRef = B8E214AF159317F50091730E /* Foundation.framework */; };
		B8E214B2159317F50091730E /* UIKit.framework in Frameworks */ = {isa = PBXBuildFile; fileRef = B8E214B1159317F50091730E /* UIKit.framework */; };
		B8E214B4159317F50091730E /* CoreGraphics.framework in Frameworks */ = {isa = PBXBuildFile; fileRef = B8E214B3159317F50091730E /* CoreGraphics.framework */; };
		B8E214B6159317F50091730E /* AddressBook.framework in Frameworks */ = {isa = PBXBuildFile; fileRef = B8E214B5159317F50091730E /* AddressBook.framework */; };
		B8E214B8159317F50091730E /* AddressBookUI.framework in Frameworks */ = {isa = PBXBuildFile; fileRef = B8E214B7159317F50091730E /* AddressBookUI.framework */; };
		B8E214BA159317F50091730E /* AudioToolbox.framework in Frameworks */ = {isa = PBXBuildFile; fileRef = B8E214B9159317F50091730E /* AudioToolbox.framework */; };
		B8E214BC159317F50091730E /* AVFoundation.framework in Frameworks */ = {isa = PBXBuildFile; fileRef = B8E214BB159317F50091730E /* AVFoundation.framework */; };
		B8E214BE159317F50091730E /* CoreLocation.framework in Frameworks */ = {isa = PBXBuildFile; fileRef = B8E214BD159317F50091730E /* CoreLocation.framework */; };
		B8E214C0159317F50091730E /* MediaPlayer.framework in Frameworks */ = {isa = PBXBuildFile; fileRef = B8E214BF159317F50091730E /* MediaPlayer.framework */; };
		B8E214C2159317F50091730E /* QuartzCore.framework in Frameworks */ = {isa = PBXBuildFile; fileRef = B8E214C1159317F50091730E /* QuartzCore.framework */; };
		B8E214C4159317F50091730E /* SystemConfiguration.framework in Frameworks */ = {isa = PBXBuildFile; fileRef = B8E214C3159317F50091730E /* SystemConfiguration.framework */; };
		B8E214C6159317F50091730E /* MobileCoreServices.framework in Frameworks */ = {isa = PBXBuildFile; fileRef = B8E214C5159317F50091730E /* MobileCoreServices.framework */; };
		B8E214C8159317F50091730E /* CoreMedia.framework in Frameworks */ = {isa = PBXBuildFile; fileRef = B8E214C7159317F50091730E /* CoreMedia.framework */; };
		B8E214CE159317F50091730E /* InfoPlist.strings in Resources */ = {isa = PBXBuildFile; fileRef = B8E214CC159317F50091730E /* InfoPlist.strings */; };
		B8E214D0159317F50091730E /* main.m in Sources */ = {isa = PBXBuildFile; fileRef = B8E214CF159317F50091730E /* main.m */; };
		B8E214D3159317F50091730E /* Cordova.framework in Frameworks */ = {isa = PBXBuildFile; fileRef = B8E214D2159317F50091730E /* Cordova.framework */; };
		B8E214D8159317F50091730E /* Localizable.strings in Resources */ = {isa = PBXBuildFile; fileRef = B8E214D6159317F50091730E /* Localizable.strings */; };
		B8E214DC159317F50091730E /* Localizable.strings in Resources */ = {isa = PBXBuildFile; fileRef = B8E214DA159317F50091730E /* Localizable.strings */; };
		B8E214E0159317F50091730E /* Localizable.strings in Resources */ = {isa = PBXBuildFile; fileRef = B8E214DE159317F50091730E /* Localizable.strings */; };
		B8E214E4159317F50091730E /* Localizable.strings in Resources */ = {isa = PBXBuildFile; fileRef = B8E214E2159317F50091730E /* Localizable.strings */; };
		B8E214E7159317F50091730E /* icon.png in Resources */ = {isa = PBXBuildFile; fileRef = B8E214E6159317F50091730E /* icon.png */; };
		B8E214E9159317F50091730E /* icon@2x.png in Resources */ = {isa = PBXBuildFile; fileRef = B8E214E8159317F50091730E /* icon@2x.png */; };
		B8E214EB159317F50091730E /* icon-72.png in Resources */ = {isa = PBXBuildFile; fileRef = B8E214EA159317F50091730E /* icon-72.png */; };
		B8E214EE159317F50091730E /* Default~iphone.png in Resources */ = {isa = PBXBuildFile; fileRef = B8E214ED159317F50091730E /* Default~iphone.png */; };
		B8E214F0159317F50091730E /* Default@2x~iphone.png in Resources */ = {isa = PBXBuildFile; fileRef = B8E214EF159317F50091730E /* Default@2x~iphone.png */; };
		B8E214F2159317F50091730E /* Capture.bundle in Resources */ = {isa = PBXBuildFile; fileRef = B8E214F1159317F50091730E /* Capture.bundle */; };
		B8E214F4159317F50091730E /* Cordova.plist in Resources */ = {isa = PBXBuildFile; fileRef = B8E214F3159317F50091730E /* Cordova.plist */; };
		B8E214F8159317F50091730E /* AppDelegate.m in Sources */ = {isa = PBXBuildFile; fileRef = B8E214F7159317F50091730E /* AppDelegate.m */; };
		B8E214FB159317F50091730E /* MainViewController.m in Sources */ = {isa = PBXBuildFile; fileRef = B8E214FA159317F50091730E /* MainViewController.m */; };
		B8E214FD159317F50091730E /* MainViewController.xib in Resources */ = {isa = PBXBuildFile; fileRef = B8E214FC159317F50091730E /* MainViewController.xib */; };
/* End PBXBuildFile section */

/* Begin PBXFileReference section */
		ACA2CC7215936D9F00F18268 /* www */ = {isa = PBXFileReference; lastKnownFileType = folder; name = www; path = cordovapush/www; sourceTree = "<group>"; };
		B89E98B9159B347E0013AA04 /* PushNotification.h */ = {isa = PBXFileReference; fileEncoding = 4; lastKnownFileType = sourcecode.c.h; path = PushNotification.h; sourceTree = "<group>"; };
		B89E98BA159B347E0013AA04 /* PushNotification.m */ = {isa = PBXFileReference; fileEncoding = 4; lastKnownFileType = sourcecode.c.objc; path = PushNotification.m; sourceTree = "<group>"; };
		B89E98BB159B347E0013AA04 /* README.md */ = {isa = PBXFileReference; fileEncoding = 4; lastKnownFileType = text; path = README.md; sourceTree = "<group>"; };
		B8E214AB159317F50091730E /* cordovapush.app */ = {isa = PBXFileReference; explicitFileType = wrapper.application; includeInIndex = 0; path = cordovapush.app; sourceTree = BUILT_PRODUCTS_DIR; };
		B8E214AF159317F50091730E /* Foundation.framework */ = {isa = PBXFileReference; lastKnownFileType = wrapper.framework; name = Foundation.framework; path = System/Library/Frameworks/Foundation.framework; sourceTree = SDKROOT; };
		B8E214B1159317F50091730E /* UIKit.framework */ = {isa = PBXFileReference; lastKnownFileType = wrapper.framework; name = UIKit.framework; path = System/Library/Frameworks/UIKit.framework; sourceTree = SDKROOT; };
		B8E214B3159317F50091730E /* CoreGraphics.framework */ = {isa = PBXFileReference; lastKnownFileType = wrapper.framework; name = CoreGraphics.framework; path = System/Library/Frameworks/CoreGraphics.framework; sourceTree = SDKROOT; };
		B8E214B5159317F50091730E /* AddressBook.framework */ = {isa = PBXFileReference; lastKnownFileType = wrapper.framework; name = AddressBook.framework; path = System/Library/Frameworks/AddressBook.framework; sourceTree = SDKROOT; };
		B8E214B7159317F50091730E /* AddressBookUI.framework */ = {isa = PBXFileReference; lastKnownFileType = wrapper.framework; name = AddressBookUI.framework; path = System/Library/Frameworks/AddressBookUI.framework; sourceTree = SDKROOT; };
		B8E214B9159317F50091730E /* AudioToolbox.framework */ = {isa = PBXFileReference; lastKnownFileType = wrapper.framework; name = AudioToolbox.framework; path = System/Library/Frameworks/AudioToolbox.framework; sourceTree = SDKROOT; };
		B8E214BB159317F50091730E /* AVFoundation.framework */ = {isa = PBXFileReference; lastKnownFileType = wrapper.framework; name = AVFoundation.framework; path = System/Library/Frameworks/AVFoundation.framework; sourceTree = SDKROOT; };
		B8E214BD159317F50091730E /* CoreLocation.framework */ = {isa = PBXFileReference; lastKnownFileType = wrapper.framework; name = CoreLocation.framework; path = System/Library/Frameworks/CoreLocation.framework; sourceTree = SDKROOT; };
		B8E214BF159317F50091730E /* MediaPlayer.framework */ = {isa = PBXFileReference; lastKnownFileType = wrapper.framework; name = MediaPlayer.framework; path = System/Library/Frameworks/MediaPlayer.framework; sourceTree = SDKROOT; };
		B8E214C1159317F50091730E /* QuartzCore.framework */ = {isa = PBXFileReference; lastKnownFileType = wrapper.framework; name = QuartzCore.framework; path = System/Library/Frameworks/QuartzCore.framework; sourceTree = SDKROOT; };
		B8E214C3159317F50091730E /* SystemConfiguration.framework */ = {isa = PBXFileReference; lastKnownFileType = wrapper.framework; name = SystemConfiguration.framework; path = System/Library/Frameworks/SystemConfiguration.framework; sourceTree = SDKROOT; };
		B8E214C5159317F50091730E /* MobileCoreServices.framework */ = {isa = PBXFileReference; lastKnownFileType = wrapper.framework; name = MobileCoreServices.framework; path = System/Library/Frameworks/MobileCoreServices.framework; sourceTree = SDKROOT; };
		B8E214C7159317F50091730E /* CoreMedia.framework */ = {isa = PBXFileReference; lastKnownFileType = wrapper.framework; name = CoreMedia.framework; path = System/Library/Frameworks/CoreMedia.framework; sourceTree = SDKROOT; };
		B8E214CB159317F50091730E /* cordovapush-Info.plist */ = {isa = PBXFileReference; lastKnownFileType = text.plist.xml; path = "cordovapush-Info.plist"; sourceTree = "<group>"; };
		B8E214CD159317F50091730E /* en */ = {isa = PBXFileReference; lastKnownFileType = text.plist.strings; name = en; path = en.lproj/InfoPlist.strings; sourceTree = "<group>"; };
		B8E214CF159317F50091730E /* main.m */ = {isa = PBXFileReference; lastKnownFileType = sourcecode.c.objc; path = main.m; sourceTree = "<group>"; };
		B8E214D1159317F50091730E /* cordovapush-Prefix.pch */ = {isa = PBXFileReference; lastKnownFileType = sourcecode.c.h; path = "cordovapush-Prefix.pch"; sourceTree = "<group>"; };
		B8E214D2159317F50091730E /* Cordova.framework */ = {isa = PBXFileReference; lastKnownFileType = wrapper.framework; name = Cordova.framework; path = /Users/Shared/Cordova/Frameworks/Cordova.framework; sourceTree = "<absolute>"; };
		B8E214D7159317F50091730E /* en */ = {isa = PBXFileReference; lastKnownFileType = text.plist.strings; name = en; path = Resources/en.lproj/Localizable.strings; sourceTree = "<group>"; };
		B8E214DB159317F50091730E /* es */ = {isa = PBXFileReference; lastKnownFileType = text.plist.strings; name = es; path = Resources/es.lproj/Localizable.strings; sourceTree = "<group>"; };
		B8E214DF159317F50091730E /* de */ = {isa = PBXFileReference; lastKnownFileType = text.plist.strings; name = de; path = Resources/de.lproj/Localizable.strings; sourceTree = "<group>"; };
		B8E214E3159317F50091730E /* se */ = {isa = PBXFileReference; lastKnownFileType = text.plist.strings; name = se; path = Resources/se.lproj/Localizable.strings; sourceTree = "<group>"; };
		B8E214E6159317F50091730E /* icon.png */ = {isa = PBXFileReference; lastKnownFileType = image.png; name = icon.png; path = Resources/icons/icon.png; sourceTree = "<group>"; };
		B8E214E8159317F50091730E /* icon@2x.png */ = {isa = PBXFileReference; lastKnownFileType = image.png; name = "icon@2x.png"; path = "Resources/icons/icon@2x.png"; sourceTree = "<group>"; };
		B8E214EA159317F50091730E /* icon-72.png */ = {isa = PBXFileReference; lastKnownFileType = image.png; name = "icon-72.png"; path = "Resources/icons/icon-72.png"; sourceTree = "<group>"; };
		B8E214ED159317F50091730E /* Default~iphone.png */ = {isa = PBXFileReference; lastKnownFileType = image.png; name = "Default~iphone.png"; path = "Resources/splash/Default~iphone.png"; sourceTree = "<group>"; };
		B8E214EF159317F50091730E /* Default@2x~iphone.png */ = {isa = PBXFileReference; lastKnownFileType = image.png; name = "Default@2x~iphone.png"; path = "Resources/splash/Default@2x~iphone.png"; sourceTree = "<group>"; };
		B8E214F1159317F50091730E /* Capture.bundle */ = {isa = PBXFileReference; lastKnownFileType = "wrapper.plug-in"; name = Capture.bundle; path = Resources/Capture.bundle; sourceTree = "<group>"; };
		B8E214F3159317F50091730E /* Cordova.plist */ = {isa = PBXFileReference; lastKnownFileType = text.plist.xml; path = Cordova.plist; sourceTree = "<group>"; };
		B8E214F6159317F50091730E /* AppDelegate.h */ = {isa = PBXFileReference; lastKnownFileType = sourcecode.c.h; name = AppDelegate.h; path = Classes/AppDelegate.h; sourceTree = "<group>"; };
		B8E214F7159317F50091730E /* AppDelegate.m */ = {isa = PBXFileReference; lastKnownFileType = sourcecode.c.objc; name = AppDelegate.m; path = Classes/AppDelegate.m; sourceTree = "<group>"; };
		B8E214F9159317F50091730E /* MainViewController.h */ = {isa = PBXFileReference; lastKnownFileType = sourcecode.c.h; name = MainViewController.h; path = Classes/MainViewController.h; sourceTree = "<group>"; };
		B8E214FA159317F50091730E /* MainViewController.m */ = {isa = PBXFileReference; lastKnownFileType = sourcecode.c.objc; name = MainViewController.m; path = Classes/MainViewController.m; sourceTree = "<group>"; };
		B8E214FC159317F50091730E /* MainViewController.xib */ = {isa = PBXFileReference; lastKnownFileType = file.xib; name = MainViewController.xib; path = Classes/MainViewController.xib; sourceTree = "<group>"; };
		B8E214FF159317F50091730E /* README */ = {isa = PBXFileReference; lastKnownFileType = text; name = README; path = Plugins/README; sourceTree = "<group>"; };
		B8E21500159317F50091730E /* verify.sh */ = {isa = PBXFileReference; lastKnownFileType = text.script.sh; path = verify.sh; sourceTree = "<group>"; };
/* End PBXFileReference section */

/* Begin PBXFrameworksBuildPhase section */
		B8E214A5159317F50091730E /* Frameworks */ = {
			isa = PBXFrameworksBuildPhase;
			buildActionMask = 2147483647;
			files = (
				B8E214B0159317F50091730E /* Foundation.framework in Frameworks */,
				B8E214B2159317F50091730E /* UIKit.framework in Frameworks */,
				B8E214B4159317F50091730E /* CoreGraphics.framework in Frameworks */,
				B8E214B6159317F50091730E /* AddressBook.framework in Frameworks */,
				B8E214B8159317F50091730E /* AddressBookUI.framework in Frameworks */,
				B8E214BA159317F50091730E /* AudioToolbox.framework in Frameworks */,
				B8E214BC159317F50091730E /* AVFoundation.framework in Frameworks */,
				B8E214BE159317F50091730E /* CoreLocation.framework in Frameworks */,
				B8E214C0159317F50091730E /* MediaPlayer.framework in Frameworks */,
				B8E214C2159317F50091730E /* QuartzCore.framework in Frameworks */,
				B8E214C4159317F50091730E /* SystemConfiguration.framework in Frameworks */,
				B8E214C6159317F50091730E /* MobileCoreServices.framework in Frameworks */,
				B8E214C8159317F50091730E /* CoreMedia.framework in Frameworks */,
				B8E214D3159317F50091730E /* Cordova.framework in Frameworks */,
			);
			runOnlyForDeploymentPostprocessing = 0;
		};
		B8E214A8159317F50091730E /* Frameworks */ = {
			isa = PBXFrameworksBuildPhase;
			buildActionMask = 2147483647;
			files = (
			);
			runOnlyForDeploymentPostprocessing = 0;
		};
/* End PBXFrameworksBuildPhase section */

/* Begin PBXGroup section */
		ACA2CC75159373D400F18268 /* PushNotification */ = {
			isa = PBXGroup;
			children = (
				B89E98B9159B347E0013AA04 /* PushNotification.h */,
				B89E98BA159B347E0013AA04 /* PushNotification.m */,
				B89E98BB159B347E0013AA04 /* README.md */,
			);
			name = PushNotification;
			path = Plugins/PushNotification;
			sourceTree = "<group>";
		};
		B8E2149D159317F50091730E = {
			isa = PBXGroup;
			children = (
				ACA2CC7215936D9F00F18268 /* www */,
				B8E214C9159317F50091730E /* cordovapush */,
				B8E214AE159317F50091730E /* Frameworks */,
				B8E214AC159317F50091730E /* Products */,
			);
			sourceTree = "<group>";
		};
		B8E214AC159317F50091730E /* Products */ = {
			isa = PBXGroup;
			children = (
				B8E214AB159317F50091730E /* cordovapush.app */,
			);
			name = Products;
			sourceTree = "<group>";
		};
		B8E214AE159317F50091730E /* Frameworks */ = {
			isa = PBXGroup;
			children = (
				B8E214AF159317F50091730E /* Foundation.framework */,
				B8E214B1159317F50091730E /* UIKit.framework */,
				B8E214B3159317F50091730E /* CoreGraphics.framework */,
				B8E214B5159317F50091730E /* AddressBook.framework */,
				B8E214B7159317F50091730E /* AddressBookUI.framework */,
				B8E214B9159317F50091730E /* AudioToolbox.framework */,
				B8E214BB159317F50091730E /* AVFoundation.framework */,
				B8E214BD159317F50091730E /* CoreLocation.framework */,
				B8E214BF159317F50091730E /* MediaPlayer.framework */,
				B8E214C1159317F50091730E /* QuartzCore.framework */,
				B8E214C3159317F50091730E /* SystemConfiguration.framework */,
				B8E214C5159317F50091730E /* MobileCoreServices.framework */,
				B8E214C7159317F50091730E /* CoreMedia.framework */,
			);
			name = Frameworks;
			sourceTree = "<group>";
		};
		B8E214C9159317F50091730E /* cordovapush */ = {
			isa = PBXGroup;
			children = (
				B8E214D2159317F50091730E /* Cordova.framework */,
				B8E214D4159317F50091730E /* Resources */,
				B8E214F5159317F50091730E /* Classes */,
				B8E214FE159317F50091730E /* Plugins */,
				B8E214CA159317F50091730E /* Supporting Files */,
			);
			path = cordovapush;
			sourceTree = "<group>";
		};
		B8E214CA159317F50091730E /* Supporting Files */ = {
			isa = PBXGroup;
			children = (
				B8E214CB159317F50091730E /* cordovapush-Info.plist */,
				B8E214CC159317F50091730E /* InfoPlist.strings */,
				B8E214CF159317F50091730E /* main.m */,
				B8E214D1159317F50091730E /* cordovapush-Prefix.pch */,
				B8E214F3159317F50091730E /* Cordova.plist */,
				B8E214FC159317F50091730E /* MainViewController.xib */,
				B8E21500159317F50091730E /* verify.sh */,
			);
			name = "Supporting Files";
			sourceTree = "<group>";
		};
		B8E214D4159317F50091730E /* Resources */ = {
			isa = PBXGroup;
			children = (
				B8E214F1159317F50091730E /* Capture.bundle */,
				B8E214D5159317F50091730E /* en.lproj */,
				B8E214D9159317F50091730E /* es.lproj */,
				B8E214DD159317F50091730E /* de.lproj */,
				B8E214E1159317F50091730E /* se.lproj */,
				B8E214E5159317F50091730E /* icons */,
				B8E214EC159317F50091730E /* splash */,
			);
			name = Resources;
			sourceTree = "<group>";
		};
		B8E214D5159317F50091730E /* en.lproj */ = {
			isa = PBXGroup;
			children = (
				B8E214D6159317F50091730E /* Localizable.strings */,
			);
			name = en.lproj;
			sourceTree = "<group>";
		};
		B8E214D9159317F50091730E /* es.lproj */ = {
			isa = PBXGroup;
			children = (
				B8E214DA159317F50091730E /* Localizable.strings */,
			);
			name = es.lproj;
			sourceTree = "<group>";
		};
		B8E214DD159317F50091730E /* de.lproj */ = {
			isa = PBXGroup;
			children = (
				B8E214DE159317F50091730E /* Localizable.strings */,
			);
			name = de.lproj;
			sourceTree = "<group>";
		};
		B8E214E1159317F50091730E /* se.lproj */ = {
			isa = PBXGroup;
			children = (
				B8E214E2159317F50091730E /* Localizable.strings */,
			);
			name = se.lproj;
			sourceTree = "<group>";
		};
		B8E214E5159317F50091730E /* icons */ = {
			isa = PBXGroup;
			children = (
				B8E214E6159317F50091730E /* icon.png */,
				B8E214E8159317F50091730E /* icon@2x.png */,
				B8E214EA159317F50091730E /* icon-72.png */,
			);
			name = icons;
			sourceTree = "<group>";
		};
		B8E214EC159317F50091730E /* splash */ = {
			isa = PBXGroup;
			children = (
				B8E214ED159317F50091730E /* Default~iphone.png */,
				B8E214EF159317F50091730E /* Default@2x~iphone.png */,
			);
			name = splash;
			sourceTree = "<group>";
		};
		B8E214F5159317F50091730E /* Classes */ = {
			isa = PBXGroup;
			children = (
				B8E214F6159317F50091730E /* AppDelegate.h */,
				B8E214F7159317F50091730E /* AppDelegate.m */,
				B8E214F9159317F50091730E /* MainViewController.h */,
				B8E214FA159317F50091730E /* MainViewController.m */,
			);
			name = Classes;
			sourceTree = "<group>";
		};
		B8E214FE159317F50091730E /* Plugins */ = {
			isa = PBXGroup;
			children = (
				ACA2CC75159373D400F18268 /* PushNotification */,
				B8E214FF159317F50091730E /* README */,
			);
			name = Plugins;
			sourceTree = "<group>";
		};
/* End PBXGroup section */

/* Begin PBXNativeTarget section */
		B8E214AA159317F50091730E /* cordovapush */ = {
			isa = PBXNativeTarget;
			buildConfigurationList = B8E21503159317F50091730E /* Build configuration list for PBXNativeTarget "cordovapush" */;
			buildPhases = (
				B8E214A4159317F50091730E /* Sources */,
				B8E214A5159317F50091730E /* Frameworks */,
				B8E214A6159317F50091730E /* Resources */,
				B8E214A7159317F50091730E /* Sources */,
				B8E214A8159317F50091730E /* Frameworks */,
				B8E214A9159317F50091730E /* ShellScript */,
			);
			buildRules = (
			);
			dependencies = (
			);
			name = cordovapush;
			productName = cordovapush;
			productReference = B8E214AB159317F50091730E /* cordovapush.app */;
			productType = "com.apple.product-type.application";
		};
/* End PBXNativeTarget section */

/* Begin PBXProject section */
		B8E2149F159317F50091730E /* Project object */ = {
			isa = PBXProject;
			attributes = {
				LastUpgradeCheck = 0430;
			};
			buildConfigurationList = B8E214A2159317F50091730E /* Build configuration list for PBXProject "cordovapush" */;
			compatibilityVersion = "Xcode 3.2";
			developmentRegion = English;
			hasScannedForEncodings = 0;
			knownRegions = (
				en,
				es,
				de,
				se,
			);
			mainGroup = B8E2149D159317F50091730E;
			productRefGroup = B8E214AC159317F50091730E /* Products */;
			projectDirPath = "";
			projectRoot = "";
			targets = (
				B8E214AA159317F50091730E /* cordovapush */,
			);
		};
/* End PBXProject section */

/* Begin PBXResourcesBuildPhase section */
		B8E214A6159317F50091730E /* Resources */ = {
			isa = PBXResourcesBuildPhase;
			buildActionMask = 2147483647;
			files = (
				B8E214CE159317F50091730E /* InfoPlist.strings in Resources */,
				B8E214D8159317F50091730E /* Localizable.strings in Resources */,
				B8E214DC159317F50091730E /* Localizable.strings in Resources */,
				B8E214E0159317F50091730E /* Localizable.strings in Resources */,
				B8E214E4159317F50091730E /* Localizable.strings in Resources */,
				B8E214E7159317F50091730E /* icon.png in Resources */,
				B8E214E9159317F50091730E /* icon@2x.png in Resources */,
				B8E214EB159317F50091730E /* icon-72.png in Resources */,
				B8E214EE159317F50091730E /* Default~iphone.png in Resources */,
				B8E214F0159317F50091730E /* Default@2x~iphone.png in Resources */,
				B8E214F2159317F50091730E /* Capture.bundle in Resources */,
				B8E214F4159317F50091730E /* Cordova.plist in Resources */,
				B8E214FD159317F50091730E /* MainViewController.xib in Resources */,
				ACA2CC7315936D9F00F18268 /* www in Resources */,
				B89E98BD159B347E0013AA04 /* README.md in Resources */,
			);
			runOnlyForDeploymentPostprocessing = 0;
		};
/* End PBXResourcesBuildPhase section */

/* Begin PBXShellScriptBuildPhase section */
		B8E214A9159317F50091730E /* ShellScript */ = {
			isa = PBXShellScriptBuildPhase;
			buildActionMask = 2147483647;
			files = (
			);
			inputPaths = (
			);
			outputPaths = (
			);
			runOnlyForDeploymentPostprocessing = 0;
			shellPath = /bin/bash;
			shellScript = "\n\t\t\t\t\t\t\t\tchmod 755 \"$PROJECT_DIR/$PROJECT_NAME/verify.sh\"\n\t\t\t\t\t\t\t\t\"$PROJECT_DIR/$PROJECT_NAME/verify.sh\"\n\t\t\t\t\t";
		};
/* End PBXShellScriptBuildPhase section */

/* Begin PBXSourcesBuildPhase section */
		B8E214A4159317F50091730E /* Sources */ = {
			isa = PBXSourcesBuildPhase;
			buildActionMask = 2147483647;
			files = (
				B8E214D0159317F50091730E /* main.m in Sources */,
				B8E214F8159317F50091730E /* AppDelegate.m in Sources */,
				B8E214FB159317F50091730E /* MainViewController.m in Sources */,
				B89E98BC159B347E0013AA04 /* PushNotification.m in Sources */,
			);
			runOnlyForDeploymentPostprocessing = 0;
		};
		B8E214A7159317F50091730E /* Sources */ = {
			isa = PBXSourcesBuildPhase;
			buildActionMask = 2147483647;
			files = (
			);
			runOnlyForDeploymentPostprocessing = 0;
		};
/* End PBXSourcesBuildPhase section */

/* Begin PBXVariantGroup section */
		B8E214CC159317F50091730E /* InfoPlist.strings */ = {
			isa = PBXVariantGroup;
			children = (
				B8E214CD159317F50091730E /* en */,
			);
			name = InfoPlist.strings;
			sourceTree = "<group>";
		};
		B8E214D6159317F50091730E /* Localizable.strings */ = {
			isa = PBXVariantGroup;
			children = (
				B8E214D7159317F50091730E /* en */,
			);
			name = Localizable.strings;
			sourceTree = "<group>";
		};
		B8E214DA159317F50091730E /* Localizable.strings */ = {
			isa = PBXVariantGroup;
			children = (
				B8E214DB159317F50091730E /* es */,
			);
			name = Localizable.strings;
			sourceTree = "<group>";
		};
		B8E214DE159317F50091730E /* Localizable.strings */ = {
			isa = PBXVariantGroup;
			children = (
				B8E214DF159317F50091730E /* de */,
			);
			name = Localizable.strings;
			sourceTree = "<group>";
		};
		B8E214E2159317F50091730E /* Localizable.strings */ = {
			isa = PBXVariantGroup;
			children = (
				B8E214E3159317F50091730E /* se */,
			);
			name = Localizable.strings;
			sourceTree = "<group>";
		};
/* End PBXVariantGroup section */

/* Begin XCBuildConfiguration section */
		B8E21501159317F50091730E /* Debug */ = {
			isa = XCBuildConfiguration;
			buildSettings = {
				ALWAYS_SEARCH_USER_PATHS = NO;
				ARCHS = (
					armv6,
					"$(ARCHS_STANDARD_32_BIT)",
				);
				CODE_SIGN_IDENTITY = "iPhone Developer: Erwan Kerzreho (PYZ79SP3F4)";
				"CODE_SIGN_IDENTITY[sdk=iphoneos*]" = "iPhone Developer: Erwan Kerzreho (PYZ79SP3F4)";
				COPY_PHASE_STRIP = NO;
				GCC_C_LANGUAGE_STANDARD = gnu99;
				GCC_DYNAMIC_NO_PIC = NO;
				GCC_OPTIMIZATION_LEVEL = 0;
				GCC_PREPROCESSOR_DEFINITIONS = (
					"DEBUG=1",
					"$(inherited)",
				);
				GCC_SYMBOLS_PRIVATE_EXTERN = NO;
				GCC_VERSION = com.apple.compilers.llvm.clang.1_0;
				GCC_WARN_ABOUT_RETURN_TYPE = YES;
				GCC_WARN_UNINITIALIZED_AUTOS = YES;
				GCC_WARN_UNUSED_VARIABLE = YES;
				IPHONEOS_DEPLOYMENT_TARGET = 4.3;
				PROVISIONING_PROFILE = "E51FA760-9C3D-4388-B5CE-9AFCF59C7D7C";
				"PROVISIONING_PROFILE[sdk=iphoneos*]" = "E51FA760-9C3D-4388-B5CE-9AFCF59C7D7C";
				SDKROOT = iphoneos;
			};
			name = Debug;
		};
		B8E21502159317F50091730E /* Release */ = {
			isa = XCBuildConfiguration;
			buildSettings = {
				ALWAYS_SEARCH_USER_PATHS = NO;
				ARCHS = (
					armv6,
					"$(ARCHS_STANDARD_32_BIT)",
				);
				CODE_SIGN_IDENTITY = "iPhone Developer: Erwan Kerzreho (PYZ79SP3F4)";
				"CODE_SIGN_IDENTITY[sdk=iphoneos*]" = "iPhone Developer: Erwan Kerzreho (PYZ79SP3F4)";
				COPY_PHASE_STRIP = YES;
				GCC_C_LANGUAGE_STANDARD = gnu99;
				GCC_VERSION = com.apple.compilers.llvm.clang.1_0;
				GCC_WARN_ABOUT_RETURN_TYPE = YES;
				GCC_WARN_UNINITIALIZED_AUTOS = YES;
				GCC_WARN_UNUSED_VARIABLE = YES;
				IPHONEOS_DEPLOYMENT_TARGET = 4.3;
				PROVISIONING_PROFILE = "E51FA760-9C3D-4388-B5CE-9AFCF59C7D7C";
				"PROVISIONING_PROFILE[sdk=iphoneos*]" = "E51FA760-9C3D-4388-B5CE-9AFCF59C7D7C";
				SDKROOT = iphoneos;
				VALIDATE_PRODUCT = YES;
			};
			name = Release;
		};
		B8E21504159317F50091730E /* Debug */ = {
			isa = XCBuildConfiguration;
			buildSettings = {
				ALWAYS_SEARCH_USER_PATHS = YES;
				CODE_SIGN_IDENTITY = "iPhone Developer: Erwan Kerzreho (PYZ79SP3F4)";
				"CODE_SIGN_IDENTITY[sdk=iphoneos*]" = "iPhone Developer: Erwan Kerzreho (PYZ79SP3F4)";
				COPY_PHASE_STRIP = NO;
				FRAMEWORK_SEARCH_PATHS = /Users/Shared/Cordova/Frameworks;
				GCC_DYNAMIC_NO_PIC = NO;
				GCC_PRECOMPILE_PREFIX_HEADER = YES;
				GCC_PREFIX_HEADER = "cordovapush/cordovapush-Prefix.pch";
				GCC_PREPROCESSOR_DEFINITIONS = (
					"DEBUG=1,",
					"CORDOVA_FRAMEWORK=1",
				);
				INFOPLIST_FILE = "cordovapush/cordovapush-Info.plist";
				OTHER_LDFLAGS = (
					"-weak_framework",
					UIKit,
					"-weak_framework",
					AVFoundation,
					"-weak_framework",
					CoreMedia,
					"-weak-lSystem",
				);
				PRODUCT_NAME = "$(TARGET_NAME)";
				PROVISIONING_PROFILE = "E51FA760-9C3D-4388-B5CE-9AFCF59C7D7C";
				"PROVISIONING_PROFILE[sdk=iphoneos*]" = "E51FA760-9C3D-4388-B5CE-9AFCF59C7D7C";
				TARGETED_DEVICE_FAMILY = "1,2";
				WRAPPER_EXTENSION = app;
			};
			name = Debug;
		};
		B8E21505159317F50091730E /* Release */ = {
			isa = XCBuildConfiguration;
			buildSettings = {
				ALWAYS_SEARCH_USER_PATHS = YES;
				CODE_SIGN_IDENTITY = "iPhone Developer: Erwan Kerzreho (PYZ79SP3F4)";
				"CODE_SIGN_IDENTITY[sdk=iphoneos*]" = "iPhone Developer: Erwan Kerzreho (PYZ79SP3F4)";
				COPY_PHASE_STRIP = YES;
				DEBUG_INFORMATION_FORMAT = "dwarf-with-dsym";
				FRAMEWORK_SEARCH_PATHS = /Users/Shared/Cordova/Frameworks;
				GCC_PRECOMPILE_PREFIX_HEADER = YES;
				GCC_PREFIX_HEADER = "cordovapush/cordovapush-Prefix.pch";
				GCC_PREPROCESSOR_DEFINITIONS = (
					"NDEBUG=1,",
					"CORDOVA_FRAMEWORK=1",
				);
				INFOPLIST_FILE = "cordovapush/cordovapush-Info.plist";
				OTHER_LDFLAGS = (
					"-weak_framework",
					UIKit,
					"-weak_framework",
					AVFoundation,
					"-weak_framework",
					CoreMedia,
					"-weak-lSystem",
				);
				PRODUCT_NAME = "$(TARGET_NAME)";
				PROVISIONING_PROFILE = "E51FA760-9C3D-4388-B5CE-9AFCF59C7D7C";
				"PROVISIONING_PROFILE[sdk=iphoneos*]" = "E51FA760-9C3D-4388-B5CE-9AFCF59C7D7C";
				TARGETED_DEVICE_FAMILY = "1,2";
				VALIDATE_PRODUCT = YES;
				WRAPPER_EXTENSION = app;
			};
			name = Release;
		};
/* End XCBuildConfiguration section */

/* Begin XCConfigurationList section */
		B8E214A2159317F50091730E /* Build configuration list for PBXProject "cordovapush" */ = {
			isa = XCConfigurationList;
			buildConfigurations = (
				B8E21501159317F50091730E /* Debug */,
				B8E21502159317F50091730E /* Release */,
			);
			defaultConfigurationIsVisible = 0;
			defaultConfigurationName = Release;
		};
		B8E21503159317F50091730E /* Build configuration list for PBXNativeTarget "cordovapush" */ = {
			isa = XCConfigurationList;
			buildConfigurations = (
				B8E21504159317F50091730E /* Debug */,
				B8E21505159317F50091730E /* Release */,
			);
			defaultConfigurationIsVisible = 0;
			defaultConfigurationName = Release;
		};
/* End XCConfigurationList section */
	};
	rootObject = B8E2149F159317F50091730E /* Project object */;
}
